
Microsoft Visual Studio Solution File, Format Version 12.00
# Visual Studio Version 16
VisualStudioVersion = 16.0.31624.102
MinimumVisualStudioVersion = 10.0.40219.1
Project("{FAE04EC0-301F-11D3-BF4B-00C04F79EFBC}") = "WindowsFormsApp1", "WindowsFormsApp1\WindowsFormsApp1.csproj", "{AFB2FC4B-C1B0-4C5C-9765-AAE4DD154E3C}"
EndProject
Global
	GlobalSection(SolutionConfigurationPlatforms) = preSolution
		Debug|Any CPU = Debug|Any CPU
		Release|Any CPU = Release|Any CPU
	EndGlobalSection
	GlobalSection(ProjectConfigurationPlatforms) = postSolution
		{AFB2FC4B-C1B0-4C5C-9765-AAE4DD154E3C}.Debug|Any CPU.ActiveCfg = Debug|Any CPU
		{AFB2FC4B-C1B0-4C5C-9765-AAE4DD154E3C}.Debug|Any CPU.Build.0 = Debug|Any CPU
		{AFB2FC4B-C1B0-4C5C-9765-AAE4DD154E3C}.Release|Any CPU.ActiveCfg = Release|Any CPU
		{AFB2FC4B-C1B0-4C5C-9765-AAE4DD154E3C}.Release|Any CPU.Build.0 = Release|Any CPU
	EndGlobalSection
	GlobalSection(SolutionProperties) = preSolution
		HideSolutionNode = FALSE
	EndGlobalSection
	GlobalSection(ExtensibilityGlobals) = postSolution
		SolutionGuid = {957AE270-4C19-4188-A8A6-2EB618AF24A9}
	EndGlobalSection
EndGlobal
